
Microsoft Visual Studio Solution File, Format Version 12.00
# Visual Studio Version 16
VisualStudioVersion = 16.0.29920.165
MinimumVisualStudioVersion = 10.0.40219.1
Project("{FAE04EC0-301F-11D3-BF4B-00C04F79EFBC}") = "WebApplication1", "WebApplication1.csproj", "{717B41A0-1155-463A-B80D-F82380DC8B14}"
EndProject
Project("{FAE04EC0-301F-11D3-BF4B-00C04F79EFBC}") = "WebApplication1.Tests", "..\WebApplication1.Tests\WebApplication1.Tests.csproj", "{6BF1EA99-A34A-4633-8F37-21AE99C361D3}"
EndProject
Global
	GlobalSection(SolutionConfigurationPlatforms) = preSolution
		Debug|Any CPU = Debug|Any CPU
		Release|Any CPU = Release|Any CPU
	EndGlobalSection
	GlobalSection(ProjectConfigurationPlatforms) = postSolution
		{717B41A0-1155-463A-B80D-F82380DC8B14}.Debug|Any CPU.ActiveCfg = Debug|Any CPU
		{717B41A0-1155-463A-B80D-F82380DC8B14}.Debug|Any CPU.Build.0 = Debug|Any CPU
		{717B41A0-1155-463A-B80D-F82380DC8B14}.Release|Any CPU.ActiveCfg = Release|Any CPU
		{717B41A0-1155-463A-B80D-F82380DC8B14}.Release|Any CPU.Build.0 = Release|Any CPU
		{6BF1EA99-A34A-4633-8F37-21AE99C361D3}.Debug|Any CPU.ActiveCfg = Debug|Any CPU
		{6BF1EA99-A34A-4633-8F37-21AE99C361D3}.Debug|Any CPU.Build.0 = Debug|Any CPU
		{6BF1EA99-A34A-4633-8F37-21AE99C361D3}.Release|Any CPU.ActiveCfg = Release|Any CPU
		{6BF1EA99-A34A-4633-8F37-21AE99C361D3}.Release|Any CPU.Build.0 = Release|Any CPU
	EndGlobalSection
	GlobalSection(SolutionProperties) = preSolution
		HideSolutionNode = FALSE
	EndGlobalSection
	GlobalSection(ExtensibilityGlobals) = postSolution
		SolutionGuid = {CEF04800-50EC-422A-92A9-DF15424E33C4}
	EndGlobalSection
EndGlobal
